
Microsoft Visual Studio Solution File, Format Version 12.00
# Visual Studio Version 16
VisualStudioVersion = 16.0.32228.343
MinimumVisualStudioVersion = 10.0.40219.1
Project("{FAE04EC0-301F-11D3-BF4B-00C04F79EFBC}") = "ECWebApp", "ECWebApp\ECWebApp.csproj", "{01858A48-3546-415F-8F5B-D10EE831DA10}"
EndProject
Global
	GlobalSection(SolutionConfigurationPlatforms) = preSolution
		Debug|Any CPU = Debug|Any CPU
		Release|Any CPU = Release|Any CPU
	EndGlobalSection
	GlobalSection(ProjectConfigurationPlatforms) = postSolution
		{01858A48-3546-415F-8F5B-D10EE831DA10}.Debug|Any CPU.ActiveCfg = Debug|Any CPU
		{01858A48-3546-415F-8F5B-D10EE831DA10}.Debug|Any CPU.Build.0 = Debug|Any CPU
		{01858A48-3546-415F-8F5B-D10EE831DA10}.Release|Any CPU.ActiveCfg = Release|Any CPU
		{01858A48-3546-415F-8F5B-D10EE831DA10}.Release|Any CPU.Build.0 = Release|Any CPU
	EndGlobalSection
	GlobalSection(SolutionProperties) = preSolution
		HideSolutionNode = FALSE
	EndGlobalSection
	GlobalSection(ExtensibilityGlobals) = postSolution
		SolutionGuid = {7A0285AC-8288-4A91-A436-6841C6342139}
	EndGlobalSection
EndGlobal
